
Microsoft Visual Studio Solution File, Format Version 12.00
# Visual Studio Version 17
VisualStudioVersion = 17.0.31903.59
MinimumVisualStudioVersion = 10.0.40219.1
Project("{2150E333-8FDC-42A3-9474-1A3956D46DE8}") = "src", "src", "{66BB2FBE-D872-4DB3-887C-35340ED37FE7}"
EndProject
Project("{2150E333-8FDC-42A3-9474-1A3956D46DE8}") = "tests", "tests", "{F265EE14-E808-4029-A4A5-14A36BAF0DEE}"
EndProject
Project("{9A19103F-16F7-4668-BE54-9A1E7A4F7556}") = "OGCP.Profiles.UnitTests", "tests\OGCP.Profiles.UnitTests\OGCP.Profiles.UnitTests.csproj", "{54633359-0928-48C7-AA77-DC392DC4CFF7}"
EndProject
Project("{9A19103F-16F7-4668-BE54-9A1E7A4F7556}") = "OGCP.CSharpFeatures", "tests\OGCP.CSharpFeatures\OGCP.CSharpFeatures.csproj", "{C5486119-79AD-45D7-B624-F109E3DDD26E}"
EndProject
Project("{2150E333-8FDC-42A3-9474-1A3956D46DE8}") = "core", "core", "{2E899E94-158B-42B5-9829-ED128687C0AE}"
EndProject
Project("{2150E333-8FDC-42A3-9474-1A3956D46DE8}") = "insfrastructure", "insfrastructure", "{BD4D7566-346E-41DC-B462-DF998B981AE7}"
EndProject
Project("{2150E333-8FDC-42A3-9474-1A3956D46DE8}") = "presentation", "presentation", "{DA875097-410D-4228-9C3E-4067E5DB867D}"
EndProject
Project("{9A19103F-16F7-4668-BE54-9A1E7A4F7556}") = "OGCP.Curriculum.API", "src\Presentation\OGCP.Curriculum.API\OGCP.Curriculum.API.csproj", "{3B402D14-7503-4D58-B706-6636421730BE}"
EndProject
Project("{2150E333-8FDC-42A3-9474-1A3956D46DE8}") = "ApplicationServices", "ApplicationServices", "{0F2D440E-F717-428E-B1C3-EAF8DAABEFB7}"
EndProject
Project("{2150E333-8FDC-42A3-9474-1A3956D46DE8}") = "commanding", "commanding", "{3720DC28-6EAA-4B34-9F6F-91876D95A14C}"
EndProject
Project("{2150E333-8FDC-42A3-9474-1A3956D46DE8}") = "repositories", "repositories", "{E6454C51-850D-4D24-93D6-9F3182C44D01}"
EndProject
Project("{9A19103F-16F7-4668-BE54-9A1E7A4F7556}") = "OGCP.Curriculums.Writes.ProfileRepository", "src\Infrastructure\Repositories\OGCP.Curriculums.Writes.ProfileRepository\OGCP.Curriculums.Writes.ProfileRepository.csproj", "{0ACAD244-4320-4B3C-9870-AEE9A2464986}"
EndProject
Project("{9A19103F-16F7-4668-BE54-9A1E7A4F7556}") = "OGCP.Curriculums.Reads.ProfileRepository", "src\Infrastructure\Repositories\OGCP.Curriculums.Reads.ProfileRepository\OGCP.Curriculums.Reads.ProfileRepository.csproj", "{6ED24F0D-705B-4374-B504-A46ED2F37C0D}"
EndProject
Project("{9A19103F-16F7-4668-BE54-9A1E7A4F7556}") = "OGCP.Curriculums.Commanding", "src\Core\Commanding\OGCP.Curriculums.Commanding\OGCP.Curriculums.Commanding.csproj", "{030B35C7-8886-47A0-95FA-4DAE7000AF20}"
EndProject
Project("{9A19103F-16F7-4668-BE54-9A1E7A4F7556}") = "OGCP.Curriculums.ApplicationServices", "src\Core\ApplicationServices\OGCP.Curriculums.ApplicationServices\OGCP.Curriculums.ApplicationServices.csproj", "{BAA8A2D8-4848-42C8-AF1D-44B8E54C7750}"
EndProject
Project("{2150E333-8FDC-42A3-9474-1A3956D46DE8}") = "POCOS", "POCOS", "{0D9258FC-C316-4202-A260-B357C1D8A077}"
EndProject
Project("{9A19103F-16F7-4668-BE54-9A1E7A4F7556}") = "OGCP.Curriculums.Infrastructure.POCOS", "src\Infrastructure\POCOS\OGCP.Curriculums.Infrastructure.POCOS\OGCP.Curriculums.Infrastructure.POCOS.csproj", "{62D5F5E6-C27A-4B72-8888-EF7BCD149BBB}"
EndProject
Project("{9A19103F-16F7-4668-BE54-9A1E7A4F7556}") = "OGCP.Curriculums.Querying", "src\Core\Commanding\OGCP.Curriculums.Querying\OGCP.Curriculums.Querying.csproj", "{ADF6D88E-1F32-4292-B763-0389E495527E}"
EndProject
Project("{2150E333-8FDC-42A3-9474-1A3956D46DE8}") = "Domain", "Domain", "{C81A3C91-CE1E-4DFB-A4CF-94AC74AF5167}"
EndProject
Project("{2150E333-8FDC-42A3-9474-1A3956D46DE8}") = "DomainModel", "DomainModel", "{2726DD97-C8E1-440C-883F-1400BEA0E96F}"
EndProject
Project("{2150E333-8FDC-42A3-9474-1A3956D46DE8}") = "DomainServices", "DomainServices", "{A05AB7FA-DD33-4D18-9C7A-8E984EE02974}"
EndProject
Project("{9A19103F-16F7-4668-BE54-9A1E7A4F7556}") = "OGCP.Curriculums.Core.DomainModel", "src\Core\Domain\DomainModel\OGCP.Curriculums.Core.DomainModel\OGCP.Curriculums.Core.DomainModel.csproj", "{B7AE1DCB-26F5-4664-8041-4962718EA743}"
EndProject
Global
	GlobalSection(SolutionConfigurationPlatforms) = preSolution
		Debug|Any CPU = Debug|Any CPU
		Release|Any CPU = Release|Any CPU
	EndGlobalSection
	GlobalSection(ProjectConfigurationPlatforms) = postSolution
		{54633359-0928-48C7-AA77-DC392DC4CFF7}.Debug|Any CPU.ActiveCfg = Debug|Any CPU
		{54633359-0928-48C7-AA77-DC392DC4CFF7}.Debug|Any CPU.Build.0 = Debug|Any CPU
		{54633359-0928-48C7-AA77-DC392DC4CFF7}.Release|Any CPU.ActiveCfg = Release|Any CPU
		{54633359-0928-48C7-AA77-DC392DC4CFF7}.Release|Any CPU.Build.0 = Release|Any CPU
		{C5486119-79AD-45D7-B624-F109E3DDD26E}.Debug|Any CPU.ActiveCfg = Debug|Any CPU
		{C5486119-79AD-45D7-B624-F109E3DDD26E}.Debug|Any CPU.Build.0 = Debug|Any CPU
		{C5486119-79AD-45D7-B624-F109E3DDD26E}.Release|Any CPU.ActiveCfg = Release|Any CPU
		{C5486119-79AD-45D7-B624-F109E3DDD26E}.Release|Any CPU.Build.0 = Release|Any CPU
		{3B402D14-7503-4D58-B706-6636421730BE}.Debug|Any CPU.ActiveCfg = Debug|Any CPU
		{3B402D14-7503-4D58-B706-6636421730BE}.Debug|Any CPU.Build.0 = Debug|Any CPU
		{3B402D14-7503-4D58-B706-6636421730BE}.Release|Any CPU.ActiveCfg = Release|Any CPU
		{3B402D14-7503-4D58-B706-6636421730BE}.Release|Any CPU.Build.0 = Release|Any CPU
		{0ACAD244-4320-4B3C-9870-AEE9A2464986}.Debug|Any CPU.ActiveCfg = Debug|Any CPU
		{0ACAD244-4320-4B3C-9870-AEE9A2464986}.Debug|Any CPU.Build.0 = Debug|Any CPU
		{0ACAD244-4320-4B3C-9870-AEE9A2464986}.Release|Any CPU.ActiveCfg = Release|Any CPU
		{0ACAD244-4320-4B3C-9870-AEE9A2464986}.Release|Any CPU.Build.0 = Release|Any CPU
		{6ED24F0D-705B-4374-B504-A46ED2F37C0D}.Debug|Any CPU.ActiveCfg = Debug|Any CPU
		{6ED24F0D-705B-4374-B504-A46ED2F37C0D}.Debug|Any CPU.Build.0 = Debug|Any CPU
		{6ED24F0D-705B-4374-B504-A46ED2F37C0D}.Release|Any CPU.ActiveCfg = Release|Any CPU
		{6ED24F0D-705B-4374-B504-A46ED2F37C0D}.Release|Any CPU.Build.0 = Release|Any CPU
		{030B35C7-8886-47A0-95FA-4DAE7000AF20}.Debug|Any CPU.ActiveCfg = Debug|Any CPU
		{030B35C7-8886-47A0-95FA-4DAE7000AF20}.Debug|Any CPU.Build.0 = Debug|Any CPU
		{030B35C7-8886-47A0-95FA-4DAE7000AF20}.Release|Any CPU.ActiveCfg = Release|Any CPU
		{030B35C7-8886-47A0-95FA-4DAE7000AF20}.Release|Any CPU.Build.0 = Release|Any CPU
		{BAA8A2D8-4848-42C8-AF1D-44B8E54C7750}.Debug|Any CPU.ActiveCfg = Debug|Any CPU
		{BAA8A2D8-4848-42C8-AF1D-44B8E54C7750}.Debug|Any CPU.Build.0 = Debug|Any CPU
		{BAA8A2D8-4848-42C8-AF1D-44B8E54C7750}.Release|Any CPU.ActiveCfg = Release|Any CPU
		{BAA8A2D8-4848-42C8-AF1D-44B8E54C7750}.Release|Any CPU.Build.0 = Release|Any CPU
		{62D5F5E6-C27A-4B72-8888-EF7BCD149BBB}.Debug|Any CPU.ActiveCfg = Debug|Any CPU
		{62D5F5E6-C27A-4B72-8888-EF7BCD149BBB}.Debug|Any CPU.Build.0 = Debug|Any CPU
		{62D5F5E6-C27A-4B72-8888-EF7BCD149BBB}.Release|Any CPU.ActiveCfg = Release|Any CPU
		{62D5F5E6-C27A-4B72-8888-EF7BCD149BBB}.Release|Any CPU.Build.0 = Release|Any CPU
		{ADF6D88E-1F32-4292-B763-0389E495527E}.Debug|Any CPU.ActiveCfg = Debug|Any CPU
		{ADF6D88E-1F32-4292-B763-0389E495527E}.Debug|Any CPU.Build.0 = Debug|Any CPU
		{ADF6D88E-1F32-4292-B763-0389E495527E}.Release|Any CPU.ActiveCfg = Release|Any CPU
		{ADF6D88E-1F32-4292-B763-0389E495527E}.Release|Any CPU.Build.0 = Release|Any CPU
		{B7AE1DCB-26F5-4664-8041-4962718EA743}.Debug|Any CPU.ActiveCfg = Debug|Any CPU
		{B7AE1DCB-26F5-4664-8041-4962718EA743}.Debug|Any CPU.Build.0 = Debug|Any CPU
		{B7AE1DCB-26F5-4664-8041-4962718EA743}.Release|Any CPU.ActiveCfg = Release|Any CPU
		{B7AE1DCB-26F5-4664-8041-4962718EA743}.Release|Any CPU.Build.0 = Release|Any CPU
	EndGlobalSection
	GlobalSection(SolutionProperties) = preSolution
		HideSolutionNode = FALSE
	EndGlobalSection
	GlobalSection(NestedProjects) = preSolution
		{54633359-0928-48C7-AA77-DC392DC4CFF7} = {F265EE14-E808-4029-A4A5-14A36BAF0DEE}
		{C5486119-79AD-45D7-B624-F109E3DDD26E} = {F265EE14-E808-4029-A4A5-14A36BAF0DEE}
		{2E899E94-158B-42B5-9829-ED128687C0AE} = {66BB2FBE-D872-4DB3-887C-35340ED37FE7}
		{BD4D7566-346E-41DC-B462-DF998B981AE7} = {66BB2FBE-D872-4DB3-887C-35340ED37FE7}
		{DA875097-410D-4228-9C3E-4067E5DB867D} = {66BB2FBE-D872-4DB3-887C-35340ED37FE7}
		{3B402D14-7503-4D58-B706-6636421730BE} = {DA875097-410D-4228-9C3E-4067E5DB867D}
		{0F2D440E-F717-428E-B1C3-EAF8DAABEFB7} = {2E899E94-158B-42B5-9829-ED128687C0AE}
		{3720DC28-6EAA-4B34-9F6F-91876D95A14C} = {2E899E94-158B-42B5-9829-ED128687C0AE}
		{E6454C51-850D-4D24-93D6-9F3182C44D01} = {BD4D7566-346E-41DC-B462-DF998B981AE7}
		{0ACAD244-4320-4B3C-9870-AEE9A2464986} = {E6454C51-850D-4D24-93D6-9F3182C44D01}
		{6ED24F0D-705B-4374-B504-A46ED2F37C0D} = {E6454C51-850D-4D24-93D6-9F3182C44D01}
		{030B35C7-8886-47A0-95FA-4DAE7000AF20} = {3720DC28-6EAA-4B34-9F6F-91876D95A14C}
		{BAA8A2D8-4848-42C8-AF1D-44B8E54C7750} = {0F2D440E-F717-428E-B1C3-EAF8DAABEFB7}
		{0D9258FC-C316-4202-A260-B357C1D8A077} = {BD4D7566-346E-41DC-B462-DF998B981AE7}
		{62D5F5E6-C27A-4B72-8888-EF7BCD149BBB} = {0D9258FC-C316-4202-A260-B357C1D8A077}
		{ADF6D88E-1F32-4292-B763-0389E495527E} = {3720DC28-6EAA-4B34-9F6F-91876D95A14C}
		{C81A3C91-CE1E-4DFB-A4CF-94AC74AF5167} = {2E899E94-158B-42B5-9829-ED128687C0AE}
		{2726DD97-C8E1-440C-883F-1400BEA0E96F} = {C81A3C91-CE1E-4DFB-A4CF-94AC74AF5167}
		{A05AB7FA-DD33-4D18-9C7A-8E984EE02974} = {C81A3C91-CE1E-4DFB-A4CF-94AC74AF5167}
		{B7AE1DCB-26F5-4664-8041-4962718EA743} = {2726DD97-C8E1-440C-883F-1400BEA0E96F}
	EndGlobalSection
	GlobalSection(ExtensibilityGlobals) = postSolution
		SolutionGuid = {033F9C8E-4BC3-4F8E-9BCF-B79B2BE3ECF7}
	EndGlobalSection
EndGlobal
